// !$*UTF8*$!
{
	archiveVersion = 1;
	classes = {
	};
	objectVersion = 46;
	objects = {

/* Begin PBXBuildFile section */
		01160AE6A0C97415E05BAEDD /* librpmalloc.a in Frameworks */ = {isa = PBXBuildFile; fileRef = A0BAED6E5C32DCEBF0AF45D1 /* librpmalloc.a */; };
		01C8996DBA14C07902984409 /* libiconv.tbd in Frameworks */ = {isa = PBXBuildFile; fileRef = DECBE74B5589F470A4737BE6 /* libiconv.tbd */; };
		0A763BB1E8626C433DA188C5 /* EmulatorProcess.swift in Sources */ = {isa = PBXBuildFile; fileRef = FCF0AFFCBAB8BE07B57B8F43 /* EmulatorProcess.swift */; };
		0B624B0D9188B1ACFE97B6CF /* libssl.a in Frameworks */ = {isa = PBXBuildFile; fileRef = 925CA54DCDF71C608D11BD48 /* libssl.a */; };
		0C4215BE448D8E001E379CE2 /* CoreHaptics.framework in Frameworks */ = {isa = PBXBuildFile; fileRef = D126E8FBCD19EBE465E93B6E /* CoreHaptics.framework */; };
		14C19C4D91EE2587182240B1 /* libdate-tz.a in Frameworks */ = {isa = PBXBuildFile; fileRef = 2E4D823B889D6B12D95474B8 /* libdate-tz.a */; };
		1574DDD1B1A2CF3AE851B288 /* libcephes_128bit.a in Frameworks */ = {isa = PBXBuildFile; fileRef = E125699166BBED373921E5F7 /* libcephes_128bit.a */; };
		159C95BFAB67752CD5A24E2E /* libminiz.a in Frameworks */ = {isa = PBXBuildFile; fileRef = F332536AB8D4C230392417FF /* libminiz.a */; };
		17ADBEBFE0B995F4CBCDF36A /* libfdk-aac.a in Frameworks */ = {isa = PBXBuildFile; fileRef = 1988DC549DAEDC12022F1B93 /* libfdk-aac.a */; };
		1C7E6B09E193E805E73E5FDE /* libhwinfo_os.a in Frameworks */ = {isa = PBXBuildFile; fileRef = 69D174564273CA83468B53AC /* libhwinfo_os.a */; };
		1E6C47EA25E42D7F3FBEC98F /* libDear_ImGui.a in Frameworks */ = {isa = PBXBuildFile; fileRef = AB36D4FBA95E7253388F6EC3 /* libDear_ImGui.a */; };
		21A2685BDC8160A5AEDDC1A0 /* libhwinfo_mainboard.a in Frameworks */ = {isa = PBXBuildFile; fileRef = 20B0C28E6DB0824C7658B54D /* libhwinfo_mainboard.a */; };
		2807F360A7171AD724E4478C /* libvulkan.dylib in Embed Frameworks */ = {isa = PBXBuildFile; fileRef = CFD8E8749F9FEDCF75FBC1DB /* libvulkan.dylib */; };
		32190DE521109D393D72EC4A /* libfmt.a in Frameworks */ = {isa = PBXBuildFile; fileRef = 2A986161AC053A0DA4C3835C /* libfmt.a */; };
		3345C038A62C17B2B1E0A101 /* libxxhash.a in Frameworks */ = {isa = PBXBuildFile; fileRef = 925160FA4A494DDA19C4E2D2 /* libxxhash.a */; };
		36B5CE659A42228F7C1D79A5 /* libfmt.a in Frameworks */ = {isa = PBXBuildFile; fileRef = 5BAD69EF59F70C824417B54B /* libfmt.a */; };
		379950556069DED623A48FD9 /* JITSupport.swift in Sources */ = {isa = PBXBuildFile; fileRef = 65F08F30961E1CC85C5321E0 /* JITSupport.swift */; };
		3DE08F8A7973D54F4E5E4D08 /* libZydis.a in Frameworks */ = {isa = PBXBuildFile; fileRef = D478D86EFDF674090C29C1E1 /* libZydis.a */; };
		405A6B16D607FB3E8EBE2948 /* SettingsView.swift in Sources */ = {isa = PBXBuildFile; fileRef = 9FA021D30F598668B7982545 /* SettingsView.swift */; };
		42ED5CC52B191EE6DDDD29A1 /* libZycore.a in Frameworks */ = {isa = PBXBuildFile; fileRef = 0C2A74CD280F3383EB68D090 /* libZycore.a */; };
		44407D306FA829D5FB1296A8 /* AetherPS4App.swift in Sources */ = {isa = PBXBuildFile; fileRef = 36B4B2A69299FF588F2FBCC5 /* AetherPS4App.swift */; };
		4BC3CD0B96F1C206F9BA7E94 /* AudioToolbox.framework in Frameworks */ = {isa = PBXBuildFile; fileRef = C257E8B1B1A691B9B495E9D0 /* AudioToolbox.framework */; };
		4D6DF80EC2051D28BCFB3074 /* libc++.tbd in Frameworks */ = {isa = PBXBuildFile; fileRef = A31DAB06F6A78144A7150840 /* libc++.tbd */; };
		5187F38828C4579B8BEDA690 /* ConsoleView.swift in Sources */ = {isa = PBXBuildFile; fileRef = 98CCF3284E13DDDC921D556A /* ConsoleView.swift */; };
		56F6BC70F389C346D28E74B6 /* libhwinfo_disk.a in Frameworks */ = {isa = PBXBuildFile; fileRef = 5A1A8DA59D4004CA3505B13B /* libhwinfo_disk.a */; };
		57E904D5A5755D6A88838EC6 /* libhwinfo_network.a in Frameworks */ = {isa = PBXBuildFile; fileRef = 987DFE2E8C2D22DFE2B6D8C1 /* libhwinfo_network.a */; };
		59AA800F2F83F3E736716D27 /* libImGuiFileDialog.a in Frameworks */ = {isa = PBXBuildFile; fileRef = FF6B5F126DEE58D57A06E90C /* libImGuiFileDialog.a */; };
		65BBEEC14051A9087FAFF7A6 /* libhwinfo_battery.a in Frameworks */ = {isa = PBXBuildFile; fileRef = C1A01FC591C45F8736D09E2C /* libhwinfo_battery.a */; };
		67E96770564A1F9EB3A7AAE6 /* libpng16.a in Frameworks */ = {isa = PBXBuildFile; fileRef = 1F13D43317E8D7A817FB6ED9 /* libpng16.a */; };
		69003FA7D00CD9299FF23795 /* BreakpointJIT.framework in Frameworks */ = {isa = PBXBuildFile; fileRef = FC4129071CE43645C4E12AE2 /* BreakpointJIT.framework */; };
		6C28EEE6BF8A018A633A4825 /* libz.a in Frameworks */ = {isa = PBXBuildFile; fileRef = 28EAA3E787313E7D46164DAF /* libz.a */; };
		6DEA8245F7424B4BDC3F92CB /* libsoftfloat_3e.a in Frameworks */ = {isa = PBXBuildFile; fileRef = CC2E2C9775143CBAD20D63EA /* libsoftfloat_3e.a */; };
		6F7E1F582C351109945D5AB3 /* libJemallocLibs.a in Frameworks */ = {isa = PBXBuildFile; fileRef = E582A10A87C72560FF4AD181 /* libJemallocLibs.a */; };
		71D9D37D094EBDE242CA65DD /* libpng.a in Frameworks */ = {isa = PBXBuildFile; fileRef = 3E0A1949F0E0288A33D1B003 /* libpng.a */; };
		7316AAB6BAB493E50FBC6A2D /* libcpp-optparse.a in Frameworks */ = {isa = PBXBuildFile; fileRef = 07C0D596C7D135F3588A6C8E /* libcpp-optparse.a */; };
		796E0F951EF6C62EB6F07156 /* libsirit.a in Frameworks */ = {isa = PBXBuildFile; fileRef = 79FA50BA7B37A75A6D5A4420 /* libsirit.a */; };
		7D1566A177BC39E92C31A317 /* libhwinfo_cpu.a in Frameworks */ = {isa = PBXBuildFile; fileRef = 5202B9E0C5655B41A1D972F8 /* libhwinfo_cpu.a */; };
		7D2B1061A1174DBB5366FB91 /* libspdlog.a in Frameworks */ = {isa = PBXBuildFile; fileRef = DB38C3D11E0B6ABEFB32ACF5 /* libspdlog.a */; };
		7F454338AF56243531F11B54 /* libglslang.a in Frameworks */ = {isa = PBXBuildFile; fileRef = 3611A74BE1903D7ECF0661EF /* libglslang.a */; };
		80FF9A72EE70BCD49BB178E4 /* ContentView.swift in Sources */ = {isa = PBXBuildFile; fileRef = 7CA5C6BC95E53E11A0530380 /* ContentView.swift */; };
		8320159D64812115696C74D5 /* QuartzCore.framework in Frameworks */ = {isa = PBXBuildFile; fileRef = E2062A636D6408DDA08011A1 /* QuartzCore.framework */; };
		83E1C2AAEF12D8E750CA871D /* libSDL3.a in Frameworks */ = {isa = PBXBuildFile; fileRef = 641626D5BCEF8B3A485B5B6D /* libSDL3.a */; };
		8B917B76D87E9DF9560AFF88 /* LibraryView.swift in Sources */ = {isa = PBXBuildFile; fileRef = E882AA5CA5DEAD4279197911 /* LibraryView.swift */; };
		8E1C35A76605A842A9925174 /* AVFoundation.framework in Frameworks */ = {isa = PBXBuildFile; fileRef = 8A645D8A5A298E9FA7231D1C /* AVFoundation.framework */; };
		90BB05F370B440A02C0E72F0 /* GameController.framework in Frameworks */ = {isa = PBXBuildFile; fileRef = 9FD7DC27B19EED0F171B7714 /* GameController.framework */; };
		925790B6CEB76F6DF1F3C26D /* GameCardView.swift in Sources */ = {isa = PBXBuildFile; fileRef = 93DD774B441CD44A3D678F17 /* GameCardView.swift */; };
		959529FFE5F155AF17CA7CA8 /* GameDetailView.swift in Sources */ = {isa = PBXBuildFile; fileRef = F1F02849FD49E86011BB3555 /* GameDetailView.swift */; };
		993D6FF50C587E5D0049CC5D /* CoreBluetooth.framework in Frameworks */ = {isa = PBXBuildFile; fileRef = 606024CF5DF8B6BDAEF6E096 /* CoreBluetooth.framework */; };
		9A387459E22F1BF4120D4C52 /* BreakpointJIT.framework in Embed Frameworks */ = {isa = PBXBuildFile; fileRef = FC4129071CE43645C4E12AE2 /* BreakpointJIT.framework */; };
		9AA1BDCDC209A94A75B05BB4 /* libFEXCore_Base.a in Frameworks */ = {isa = PBXBuildFile; fileRef = F359DECEA0D8F9449874A25F /* libFEXCore_Base.a */; };
		9C7A4513B23B5FE3ADD52F81 /* libCommon.a in Frameworks */ = {isa = PBXBuildFile; fileRef = 6D8154AD98B48C326BEA6629 /* libCommon.a */; };
		9E3FE93874F88B22CD5F5D0B /* CoreAudio.framework in Frameworks */ = {isa = PBXBuildFile; fileRef = BC7FA749C09ABA3005333A04 /* CoreAudio.framework */; };
		AC2E140BE81986E9D4584373 /* libminiupnpc.a in Frameworks */ = {isa = PBXBuildFile; fileRef = E9ECAD1CD03EBBED7BDD58F8 /* libminiupnpc.a */; };
		AFE933A8228DCCCD54FAFABB /* libLibAtrac9.a in Frameworks */ = {isa = PBXBuildFile; fileRef = 8CE3C65170C927734D1AA255 /* libLibAtrac9.a */; };
		B0AC2A50DE6A302016EDC03F /* CrashLogger.swift in Sources */ = {isa = PBXBuildFile; fileRef = ACF40A4370EEE55D0E2B6617 /* CrashLogger.swift */; };
		B1CCA4CEE909C458A1CDE6C4 /* libembedded-resources.a in Frameworks */ = {isa = PBXBuildFile; fileRef = 03521C401EA1959408A2DFB5 /* libembedded-resources.a */; };
		BAE5404D0772F00CA9639899 /* Game.swift in Sources */ = {isa = PBXBuildFile; fileRef = 60860C7E8CFDDC109F532392 /* Game.swift */; };
		C36C0E04107B6B02EDB0BC4F /* libxxhash.a in Frameworks */ = {isa = PBXBuildFile; fileRef = 83D7B436D94B8E527EDBBB5F /* libxxhash.a */; };
		C4BF8E92244C8B3B238F513B /* ParamSfoReader.swift in Sources */ = {isa = PBXBuildFile; fileRef = 61AB1AA3AE6511B61A72C29E /* ParamSfoReader.swift */; };
		C4EA73F9D722CBA70D8F7888 /* libshadps4_ios.a in Frameworks */ = {isa = PBXBuildFile; fileRef = AA650A3A519BD780DE493DBE /* libshadps4_ios.a */; };
		CB799A70601176ED5288A93B /* Metal.framework in Frameworks */ = {isa = PBXBuildFile; fileRef = 173E4123270D4E14F1BED024 /* Metal.framework */; };
		CBD0336BE22102808C4AC0DC /* libcrypto.a in Frameworks */ = {isa = PBXBuildFile; fileRef = F96B81A6E8F1E7360E1290F9 /* libcrypto.a */; };
		CEEE2FCAF62CCEF7E9FBE209 /* libCommonTools.a in Frameworks */ = {isa = PBXBuildFile; fileRef = BE9C69DC2C4860A86115D318 /* libCommonTools.a */; };
		D0CD9CE09BC75F80DBF94BD1 /* libImGui_Resources.a in Frameworks */ = {isa = PBXBuildFile; fileRef = 8E9BB87E2369BAD16217E297 /* libImGui_Resources.a */; };
		D491B3B9CE988BA6B59548B7 /* libopenal.a in Frameworks */ = {isa = PBXBuildFile; fileRef = AF30997F2339A9C44E6466CE /* libopenal.a */; };
		D6F3770A45881A74C77033B2 /* libpugixml.a in Frameworks */ = {isa = PBXBuildFile; fileRef = 27E933535397127852531496 /* libpugixml.a */; };
		DC91692D53E907C4FE3B40AD /* GameLibrary.swift in Sources */ = {isa = PBXBuildFile; fileRef = 7443C1DD65B7D78919F08353 /* GameLibrary.swift */; };
		DF1D5DEAC63BC95FBBCC038F /* libTracyClient.a in Frameworks */ = {isa = PBXBuildFile; fileRef = 20375334793878149842AF6D /* libTracyClient.a */; };
		DFC7394BEE0839D064E9AA2A /* PlayTimeStore.swift in Sources */ = {isa = PBXBuildFile; fileRef = 66B565144A177694D938832C /* PlayTimeStore.swift */; };
		E45B153193727D7999641CDC /* Foundation.framework in Frameworks */ = {isa = PBXBuildFile; fileRef = BE82ADDCB9E1C9D5495A0410 /* Foundation.framework */; };
		EA3B6F1CD904ECB3FC90B87B /* libtiny-json.a in Frameworks */ = {isa = PBXBuildFile; fileRef = BE385E672AD1FF5EE16E0BE4 /* libtiny-json.a */; };
		EB456141DC6B048FB08373F8 /* libhwinfo_gpu.a in Frameworks */ = {isa = PBXBuildFile; fileRef = 3957827DB43E8A6D0E5F2B98 /* libhwinfo_gpu.a */; };
		ECBC91AACAEF88C50B4827FB /* libepoll-shim.a in Frameworks */ = {isa = PBXBuildFile; fileRef = C141D912B1763C7A8A14F3E2 /* libepoll-shim.a */; };
		F9357EEC7335618EC8DC44E9 /* libFEXCore.a in Frameworks */ = {isa = PBXBuildFile; fileRef = E971254C1EE408226E566D7F /* libFEXCore.a */; };
		FA0223F1BD240990AC32F46C /* libfreetype.a in Frameworks */ = {isa = PBXBuildFile; fileRef = 648E0303ABDC72205560D9A3 /* libfreetype.a */; };
		FED82871FC1D17C7341819DA /* libhwinfo_ram.a in Frameworks */ = {isa = PBXBuildFile; fileRef = EA16D20F6E34062E0E897EF7 /* libhwinfo_ram.a */; };
/* End PBXBuildFile section */

/* Begin PBXCopyFilesBuildPhase section */
		D7BCA26721714C8A5DC73B79 /* Embed Frameworks */ = {
			isa = PBXCopyFilesBuildPhase;
			buildActionMask = 2147483647;
			dstPath = "";
			dstSubfolderSpec = 10;
			files = (
				9A387459E22F1BF4120D4C52 /* BreakpointJIT.framework in Embed Frameworks */,
				2807F360A7171AD724E4478C /* libvulkan.dylib in Embed Frameworks */,
			);
			name = "Embed Frameworks";
			runOnlyForDeploymentPostprocessing = 0;
		};
/* End PBXCopyFilesBuildPhase section */

/* Begin PBXFileReference section */
		03521C401EA1959408A2DFB5 /* libembedded-resources.a */ = {isa = PBXFileReference; includeInIndex = 1; lastKnownFileType = archive.ar; name = "libembedded-resources.a"; path = "../runtime/build/shadps4-ios/libembedded-resources.a"; sourceTree = "<group>"; };
		07C0D596C7D135F3588A6C8E /* libcpp-optparse.a */ = {isa = PBXFileReference; includeInIndex = 1; lastKnownFileType = archive.ar; name = "libcpp-optparse.a"; path = "../runtime/build/shadps4-ios/fexcore-ios-libs/libcpp-optparse.a"; sourceTree = "<group>"; };
		0C2A74CD280F3383EB68D090 /* libZycore.a */ = {isa = PBXFileReference; includeInIndex = 1; lastKnownFileType = archive.ar; name = libZycore.a; path = "../runtime/build/shadps4-ios/externals/zydis/zycore/libZycore.a"; sourceTree = "<group>"; };
		0E3B20555DA5B60C067CF8C6 /* Info.plist */ = {isa = PBXFileReference; includeInIndex = 1; lastKnownFileType = text.plist.xml; name = Info.plist; path = ../Info.plist; sourceTree = "<group>"; };
		173E4123270D4E14F1BED024 /* Metal.framework */ = {isa = PBXFileReference; lastKnownFileType = wrapper.framework; name = Metal.framework; path = System/Library/Frameworks/Metal.framework; sourceTree = SDKROOT; };
		1988DC549DAEDC12022F1B93 /* libfdk-aac.a */ = {isa = PBXFileReference; includeInIndex = 1; lastKnownFileType = archive.ar; name = "libfdk-aac.a"; path = "../runtime/build/shadps4-ios/externals/aacdec/libfdk-aac.a"; sourceTree = "<group>"; };
		1F13D43317E8D7A817FB6ED9 /* libpng16.a */ = {isa = PBXFileReference; includeInIndex = 1; lastKnownFileType = archive.ar; name = libpng16.a; path = "../runtime/build/shadps4-ios/externals/libpng/libpng16.a"; sourceTree = "<group>"; };
		20375334793878149842AF6D /* libTracyClient.a */ = {isa = PBXFileReference; includeInIndex = 1; lastKnownFileType = archive.ar; name = libTracyClient.a; path = "../runtime/build/shadps4-ios/externals/tracy/libTracyClient.a"; sourceTree = "<group>"; };
		20B0C28E6DB0824C7658B54D /* libhwinfo_mainboard.a */ = {isa = PBXFileReference; includeInIndex = 1; lastKnownFileType = archive.ar; name = libhwinfo_mainboard.a; path = "../runtime/build/shadps4-ios/externals/hwinfo/src/libhwinfo_mainboard.a"; sourceTree = "<group>"; };
		27E933535397127852531496 /* libpugixml.a */ = {isa = PBXFileReference; includeInIndex = 1; lastKnownFileType = archive.ar; name = libpugixml.a; path = "../runtime/build/shadps4-ios/externals/pugixml/libpugixml.a"; sourceTree = "<group>"; };
		28EAA3E787313E7D46164DAF /* libz.a */ = {isa = PBXFileReference; includeInIndex = 1; lastKnownFileType = archive.ar; name = libz.a; path = "../runtime/build/shadps4-ios/_deps/zlib-build/libz.a"; sourceTree = "<group>"; };
		2A986161AC053A0DA4C3835C /* libfmt.a */ = {isa = PBXFileReference; includeInIndex = 1; lastKnownFileType = archive.ar; name = libfmt.a; path = "../runtime/build/shadps4-ios/_deps/fmt-build/libfmt.a"; sourceTree = "<group>"; };
		2E4D823B889D6B12D95474B8 /* libdate-tz.a */ = {isa = PBXFileReference; includeInIndex = 1; lastKnownFileType = archive.ar; name = "libdate-tz.a"; path = "../runtime/build/shadps4-ios/externals/date/libdate-tz.a"; sourceTree = "<group>"; };
		3611A74BE1903D7ECF0661EF /* libglslang.a */ = {isa = PBXFileReference; includeInIndex = 1; lastKnownFileType = archive.ar; name = libglslang.a; path = "../runtime/build/shadps4-ios/externals/glslang/glslang/libglslang.a"; sourceTree = "<group>"; };
		36B4B2A69299FF588F2FBCC5 /* AetherPS4App.swift */ = {isa = PBXFileReference; includeInIndex = 1; lastKnownFileType = sourcecode.swift; name = AetherPS4App.swift; path = App/AetherPS4App.swift; sourceTree = "<group>"; };
		3957827DB43E8A6D0E5F2B98 /* libhwinfo_gpu.a */ = {isa = PBXFileReference; includeInIndex = 1; lastKnownFileType = archive.ar; name = libhwinfo_gpu.a; path = "../runtime/build/shadps4-ios/externals/hwinfo/src/libhwinfo_gpu.a"; sourceTree = "<group>"; };
		3E0A1949F0E0288A33D1B003 /* libpng.a */ = {isa = PBXFileReference; includeInIndex = 1; lastKnownFileType = archive.ar; name = libpng.a; path = "../runtime/build/shadps4-ios/externals/libpng/libpng.a"; sourceTree = "<group>"; };
		5202B9E0C5655B41A1D972F8 /* libhwinfo_cpu.a */ = {isa = PBXFileReference; includeInIndex = 1; lastKnownFileType = archive.ar; name = libhwinfo_cpu.a; path = "../runtime/build/shadps4-ios/externals/hwinfo/src/libhwinfo_cpu.a"; sourceTree = "<group>"; };
		5A1A8DA59D4004CA3505B13B /* libhwinfo_disk.a */ = {isa = PBXFileReference; includeInIndex = 1; lastKnownFileType = archive.ar; name = libhwinfo_disk.a; path = "../runtime/build/shadps4-ios/externals/hwinfo/src/libhwinfo_disk.a"; sourceTree = "<group>"; };
		5BAD69EF59F70C824417B54B /* libfmt.a */ = {isa = PBXFileReference; includeInIndex = 1; lastKnownFileType = archive.ar; name = libfmt.a; path = "../runtime/build/shadps4-ios/fexcore-ios-libs/libfmt.a"; sourceTree = "<group>"; };
		606024CF5DF8B6BDAEF6E096 /* CoreBluetooth.framework */ = {isa = PBXFileReference; lastKnownFileType = wrapper.framework; name = CoreBluetooth.framework; path = System/Library/Frameworks/CoreBluetooth.framework; sourceTree = SDKROOT; };
		60860C7E8CFDDC109F532392 /* Game.swift */ = {isa = PBXFileReference; includeInIndex = 1; lastKnownFileType = sourcecode.swift; name = Game.swift; path = Models/Game.swift; sourceTree = "<group>"; };
		61AB1AA3AE6511B61A72C29E /* ParamSfoReader.swift */ = {isa = PBXFileReference; includeInIndex = 1; lastKnownFileType = sourcecode.swift; name = ParamSfoReader.swift; path = Models/ParamSfoReader.swift; sourceTree = "<group>"; };
		641626D5BCEF8B3A485B5B6D /* libSDL3.a */ = {isa = PBXFileReference; includeInIndex = 1; lastKnownFileType = archive.ar; name = libSDL3.a; path = "../runtime/build/shadps4-ios/externals/sdl3/libSDL3.a"; sourceTree = "<group>"; };
		648E0303ABDC72205560D9A3 /* libfreetype.a */ = {isa = PBXFileReference; includeInIndex = 1; lastKnownFileType = archive.ar; name = libfreetype.a; path = "../runtime/build/shadps4-ios/externals/freetype/libfreetype.a"; sourceTree = "<group>"; };
		65F08F30961E1CC85C5321E0 /* JITSupport.swift */ = {isa = PBXFileReference; includeInIndex = 1; lastKnownFileType = sourcecode.swift; path = JITSupport.swift; sourceTree = "<group>"; };
		66B565144A177694D938832C /* PlayTimeStore.swift */ = {isa = PBXFileReference; includeInIndex = 1; lastKnownFileType = sourcecode.swift; name = PlayTimeStore.swift; path = Models/PlayTimeStore.swift; sourceTree = "<group>"; };
		69D174564273CA83468B53AC /* libhwinfo_os.a */ = {isa = PBXFileReference; includeInIndex = 1; lastKnownFileType = archive.ar; name = libhwinfo_os.a; path = "../runtime/build/shadps4-ios/externals/hwinfo/src/libhwinfo_os.a"; sourceTree = "<group>"; };
		6D8154AD98B48C326BEA6629 /* libCommon.a */ = {isa = PBXFileReference; includeInIndex = 1; lastKnownFileType = archive.ar; name = libCommon.a; path = "../runtime/build/shadps4-ios/fexcore-ios-libs/libCommon.a"; sourceTree = "<group>"; };
		7443C1DD65B7D78919F08353 /* GameLibrary.swift */ = {isa = PBXFileReference; includeInIndex = 1; lastKnownFileType = sourcecode.swift; name = GameLibrary.swift; path = Models/GameLibrary.swift; sourceTree = "<group>"; };
		79FA50BA7B37A75A6D5A4420 /* libsirit.a */ = {isa = PBXFileReference; includeInIndex = 1; lastKnownFileType = archive.ar; name = libsirit.a; path = "../runtime/build/shadps4-ios/externals/sirit/src/libsirit.a"; sourceTree = "<group>"; };
		7B9240872F2D3C7A4385195E /* AetherPS4-iOS.app */ = {isa = PBXFileReference; explicitFileType = wrapper.application; includeInIndex = 0; path = "AetherPS4-iOS.app"; sourceTree = BUILT_PRODUCTS_DIR; };
		7CA5C6BC95E53E11A0530380 /* ContentView.swift */ = {isa = PBXFileReference; includeInIndex = 1; lastKnownFileType = sourcecode.swift; name = ContentView.swift; path = Views/ContentView.swift; sourceTree = "<group>"; };
		83D7B436D94B8E527EDBBB5F /* libxxhash.a */ = {isa = PBXFileReference; includeInIndex = 1; lastKnownFileType = archive.ar; name = libxxhash.a; path = "../runtime/build/shadps4-ios/fexcore-ios-libs/libxxhash.a"; sourceTree = "<group>"; };
		8A645D8A5A298E9FA7231D1C /* AVFoundation.framework */ = {isa = PBXFileReference; lastKnownFileType = wrapper.framework; name = AVFoundation.framework; path = System/Library/Frameworks/AVFoundation.framework; sourceTree = SDKROOT; };
		8CE3C65170C927734D1AA255 /* libLibAtrac9.a */ = {isa = PBXFileReference; includeInIndex = 1; lastKnownFileType = archive.ar; name = libLibAtrac9.a; path = "../runtime/build/shadps4-ios/externals/libLibAtrac9.a"; sourceTree = "<group>"; };
		8E9BB87E2369BAD16217E297 /* libImGui_Resources.a */ = {isa = PBXFileReference; includeInIndex = 1; lastKnownFileType = archive.ar; name = libImGui_Resources.a; path = "../runtime/build/shadps4-ios/src/imgui/renderer/libImGui_Resources.a"; sourceTree = "<group>"; };
		925160FA4A494DDA19C4E2D2 /* libxxhash.a */ = {isa = PBXFileReference; includeInIndex = 1; lastKnownFileType = archive.ar; name = libxxhash.a; path = "../runtime/build/shadps4-ios/externals/libxxhash.a"; sourceTree = "<group>"; };
		925CA54DCDF71C608D11BD48 /* libssl.a */ = {isa = PBXFileReference; includeInIndex = 1; lastKnownFileType = archive.ar; name = libssl.a; path = "../runtime/build/shadps4-ios/externals/libressl/ssl/libssl.a"; sourceTree = "<group>"; };
		93DD774B441CD44A3D678F17 /* GameCardView.swift */ = {isa = PBXFileReference; includeInIndex = 1; lastKnownFileType = sourcecode.swift; name = GameCardView.swift; path = Views/GameCardView.swift; sourceTree = "<group>"; };
		987DFE2E8C2D22DFE2B6D8C1 /* libhwinfo_network.a */ = {isa = PBXFileReference; includeInIndex = 1; lastKnownFileType = archive.ar; name = libhwinfo_network.a; path = "../runtime/build/shadps4-ios/externals/hwinfo/src/libhwinfo_network.a"; sourceTree = "<group>"; };
		98CCF3284E13DDDC921D556A /* ConsoleView.swift */ = {isa = PBXFileReference; includeInIndex = 1; lastKnownFileType = sourcecode.swift; name = ConsoleView.swift; path = Views/ConsoleView.swift; sourceTree = "<group>"; };
		9FA021D30F598668B7982545 /* SettingsView.swift */ = {isa = PBXFileReference; includeInIndex = 1; lastKnownFileType = sourcecode.swift; name = SettingsView.swift; path = Views/SettingsView.swift; sourceTree = "<group>"; };
		9FD7DC27B19EED0F171B7714 /* GameController.framework */ = {isa = PBXFileReference; lastKnownFileType = wrapper.framework; name = GameController.framework; path = System/Library/Frameworks/GameController.framework; sourceTree = SDKROOT; };
		A0BAED6E5C32DCEBF0AF45D1 /* librpmalloc.a */ = {isa = PBXFileReference; includeInIndex = 1; lastKnownFileType = archive.ar; name = librpmalloc.a; path = "../runtime/build/shadps4-ios/fexcore-ios-libs/librpmalloc.a"; sourceTree = "<group>"; };
		A31DAB06F6A78144A7150840 /* libc++.tbd */ = {isa = PBXFileReference; includeInIndex = 1; name = "libc++.tbd"; path = "usr/lib/libc++.tbd"; sourceTree = SDKROOT; };
		AA650A3A519BD780DE493DBE /* libshadps4_ios.a */ = {isa = PBXFileReference; includeInIndex = 1; lastKnownFileType = archive.ar; name = libshadps4_ios.a; path = "../runtime/build/shadps4-ios/libshadps4_ios.a"; sourceTree = "<group>"; };
		AB36D4FBA95E7253388F6EC3 /* libDear_ImGui.a */ = {isa = PBXFileReference; includeInIndex = 1; lastKnownFileType = archive.ar; name = libDear_ImGui.a; path = "../runtime/build/shadps4-ios/externals/libDear_ImGui.a"; sourceTree = "<group>"; };
		ACF40A4370EEE55D0E2B6617 /* CrashLogger.swift */ = {isa = PBXFileReference; includeInIndex = 1; lastKnownFileType = sourcecode.swift; name = CrashLogger.swift; path = App/CrashLogger.swift; sourceTree = "<group>"; };
		AF30997F2339A9C44E6466CE /* libopenal.a */ = {isa = PBXFileReference; includeInIndex = 1; lastKnownFileType = archive.ar; name = libopenal.a; path = "../runtime/build/shadps4-ios/externals/openal-soft/libopenal.a"; sourceTree = "<group>"; };
		BC7FA749C09ABA3005333A04 /* CoreAudio.framework */ = {isa = PBXFileReference; lastKnownFileType = wrapper.framework; name = CoreAudio.framework; path = System/Library/Frameworks/CoreAudio.framework; sourceTree = SDKROOT; };
		BE385E672AD1FF5EE16E0BE4 /* libtiny-json.a */ = {isa = PBXFileReference; includeInIndex = 1; lastKnownFileType = archive.ar; name = "libtiny-json.a"; path = "../runtime/build/shadps4-ios/fexcore-ios-libs/libtiny-json.a"; sourceTree = "<group>"; };
		BE82ADDCB9E1C9D5495A0410 /* Foundation.framework */ = {isa = PBXFileReference; lastKnownFileType = wrapper.framework; name = Foundation.framework; path = Platforms/iPhoneOS.platform/Developer/SDKs/iPhoneOS26.0.sdk/System/Library/Frameworks/Foundation.framework; sourceTree = DEVELOPER_DIR; };
		BE9C69DC2C4860A86115D318 /* libCommonTools.a */ = {isa = PBXFileReference; includeInIndex = 1; lastKnownFileType = archive.ar; name = libCommonTools.a; path = "../runtime/build/shadps4-ios/fexcore-ios-libs/libCommonTools.a"; sourceTree = "<group>"; };
		C141D912B1763C7A8A14F3E2 /* libepoll-shim.a */ = {isa = PBXFileReference; includeInIndex = 1; lastKnownFileType = archive.ar; name = "libepoll-shim.a"; path = "../runtime/build/shadps4-ios/externals/epoll-shim/src/libepoll-shim.a"; sourceTree = "<group>"; };
		C1A01FC591C45F8736D09E2C /* libhwinfo_battery.a */ = {isa = PBXFileReference; includeInIndex = 1; lastKnownFileType = archive.ar; name = libhwinfo_battery.a; path = "../runtime/build/shadps4-ios/externals/hwinfo/src/libhwinfo_battery.a"; sourceTree = "<group>"; };
		C257E8B1B1A691B9B495E9D0 /* AudioToolbox.framework */ = {isa = PBXFileReference; lastKnownFileType = wrapper.framework; name = AudioToolbox.framework; path = System/Library/Frameworks/AudioToolbox.framework; sourceTree = SDKROOT; };
		CC2E2C9775143CBAD20D63EA /* libsoftfloat_3e.a */ = {isa = PBXFileReference; includeInIndex = 1; lastKnownFileType = archive.ar; name = libsoftfloat_3e.a; path = "../runtime/build/shadps4-ios/fexcore-ios-libs/libsoftfloat_3e.a"; sourceTree = "<group>"; };
		CFD8E8749F9FEDCF75FBC1DB /* libvulkan.dylib */ = {isa = PBXFileReference; includeInIndex = 1; lastKnownFileType = "compiled.mach-o.dylib"; path = libvulkan.dylib; sourceTree = "<group>"; };
		D126E8FBCD19EBE465E93B6E /* CoreHaptics.framework */ = {isa = PBXFileReference; lastKnownFileType = wrapper.framework; name = CoreHaptics.framework; path = System/Library/Frameworks/CoreHaptics.framework; sourceTree = SDKROOT; };
		D478D86EFDF674090C29C1E1 /* libZydis.a */ = {isa = PBXFileReference; includeInIndex = 1; lastKnownFileType = archive.ar; name = libZydis.a; path = "../runtime/build/shadps4-ios/externals/zydis/libZydis.a"; sourceTree = "<group>"; };
		DB38C3D11E0B6ABEFB32ACF5 /* libspdlog.a */ = {isa = PBXFileReference; includeInIndex = 1; lastKnownFileType = archive.ar; name = libspdlog.a; path = "../runtime/build/shadps4-ios/externals/spdlog/libspdlog.a"; sourceTree = "<group>"; };
		DECBE74B5589F470A4737BE6 /* libiconv.tbd */ = {isa = PBXFileReference; includeInIndex = 1; name = libiconv.tbd; path = usr/lib/libiconv.tbd; sourceTree = SDKROOT; };
		E125699166BBED373921E5F7 /* libcephes_128bit.a */ = {isa = PBXFileReference; includeInIndex = 1; lastKnownFileType = archive.ar; name = libcephes_128bit.a; path = "../runtime/build/shadps4-ios/fexcore-ios-libs/libcephes_128bit.a"; sourceTree = "<group>"; };
		E2062A636D6408DDA08011A1 /* QuartzCore.framework */ = {isa = PBXFileReference; lastKnownFileType = wrapper.framework; name = QuartzCore.framework; path = System/Library/Frameworks/QuartzCore.framework; sourceTree = SDKROOT; };
		E582A10A87C72560FF4AD181 /* libJemallocLibs.a */ = {isa = PBXFileReference; includeInIndex = 1; lastKnownFileType = archive.ar; name = libJemallocLibs.a; path = "../runtime/build/shadps4-ios/fexcore-ios-libs/libJemallocLibs.a"; sourceTree = "<group>"; };
		E5C24BA5AB65A2B3A8E6E710 /* AetherPS4-iOS-Bridging-Header.h */ = {isa = PBXFileReference; includeInIndex = 1; lastKnownFileType = sourcecode.c.h; path = "AetherPS4-iOS-Bridging-Header.h"; sourceTree = "<group>"; };
		E882AA5CA5DEAD4279197911 /* LibraryView.swift */ = {isa = PBXFileReference; includeInIndex = 1; lastKnownFileType = sourcecode.swift; name = LibraryView.swift; path = Views/LibraryView.swift; sourceTree = "<group>"; };
		E971254C1EE408226E566D7F /* libFEXCore.a */ = {isa = PBXFileReference; includeInIndex = 1; lastKnownFileType = archive.ar; name = libFEXCore.a; path = "../runtime/build/shadps4-ios/fexcore-ios-libs/libFEXCore.a"; sourceTree = "<group>"; };
		E9ECAD1CD03EBBED7BDD58F8 /* libminiupnpc.a */ = {isa = PBXFileReference; includeInIndex = 1; lastKnownFileType = archive.ar; name = libminiupnpc.a; path = "../runtime/build/shadps4-ios/externals/miniupnp/miniupnpc/libminiupnpc.a"; sourceTree = "<group>"; };
		EA16D20F6E34062E0E897EF7 /* libhwinfo_ram.a */ = {isa = PBXFileReference; includeInIndex = 1; lastKnownFileType = archive.ar; name = libhwinfo_ram.a; path = "../runtime/build/shadps4-ios/externals/hwinfo/src/libhwinfo_ram.a"; sourceTree = "<group>"; };
		F1F02849FD49E86011BB3555 /* GameDetailView.swift */ = {isa = PBXFileReference; includeInIndex = 1; lastKnownFileType = sourcecode.swift; name = GameDetailView.swift; path = Views/GameDetailView.swift; sourceTree = "<group>"; };
		F332536AB8D4C230392417FF /* libminiz.a */ = {isa = PBXFileReference; includeInIndex = 1; lastKnownFileType = archive.ar; name = libminiz.a; path = "../runtime/build/shadps4-ios/externals/miniz/libminiz.a"; sourceTree = "<group>"; };
		F359DECEA0D8F9449874A25F /* libFEXCore_Base.a */ = {isa = PBXFileReference; includeInIndex = 1; lastKnownFileType = archive.ar; name = libFEXCore_Base.a; path = "../runtime/build/shadps4-ios/fexcore-ios-libs/libFEXCore_Base.a"; sourceTree = "<group>"; };
		F96B81A6E8F1E7360E1290F9 /* libcrypto.a */ = {isa = PBXFileReference; includeInIndex = 1; lastKnownFileType = archive.ar; name = libcrypto.a; path = "../runtime/build/shadps4-ios/externals/libressl/crypto/libcrypto.a"; sourceTree = "<group>"; };
		FC4129071CE43645C4E12AE2 /* BreakpointJIT.framework */ = {isa = PBXFileReference; lastKnownFileType = wrapper.framework; path = BreakpointJIT.framework; sourceTree = "<group>"; };
		FCF0AFFCBAB8BE07B57B8F43 /* EmulatorProcess.swift */ = {isa = PBXFileReference; includeInIndex = 1; lastKnownFileType = sourcecode.swift; name = EmulatorProcess.swift; path = Models/EmulatorProcess.swift; sourceTree = "<group>"; };
		FF6B5F126DEE58D57A06E90C /* libImGuiFileDialog.a */ = {isa = PBXFileReference; includeInIndex = 1; lastKnownFileType = archive.ar; name = libImGuiFileDialog.a; path = "../runtime/build/shadps4-ios/externals/libImGuiFileDialog.a"; sourceTree = "<group>"; };
/* End PBXFileReference section */

/* Begin PBXFrameworksBuildPhase section */
		5C424CDED50061F661EB6558 /* Frameworks */ = {
			isa = PBXFrameworksBuildPhase;
			buildActionMask = 2147483647;
			files = (
				E45B153193727D7999641CDC /* Foundation.framework in Frameworks */,
				69003FA7D00CD9299FF23795 /* BreakpointJIT.framework in Frameworks */,
				7316AAB6BAB493E50FBC6A2D /* libcpp-optparse.a in Frameworks */,
				CEEE2FCAF62CCEF7E9FBE209 /* libCommonTools.a in Frameworks */,
				9AA1BDCDC209A94A75B05BB4 /* libFEXCore_Base.a in Frameworks */,
				F9357EEC7335618EC8DC44E9 /* libFEXCore.a in Frameworks */,
				6F7E1F582C351109945D5AB3 /* libJemallocLibs.a in Frameworks */,
				EA3B6F1CD904ECB3FC90B87B /* libtiny-json.a in Frameworks */,
				36B5CE659A42228F7C1D79A5 /* libfmt.a in Frameworks */,
				6DEA8245F7424B4BDC3F92CB /* libsoftfloat_3e.a in Frameworks */,
				C36C0E04107B6B02EDB0BC4F /* libxxhash.a in Frameworks */,
				01160AE6A0C97415E05BAEDD /* librpmalloc.a in Frameworks */,
				9C7A4513B23B5FE3ADD52F81 /* libCommon.a in Frameworks */,
				1574DDD1B1A2CF3AE851B288 /* libcephes_128bit.a in Frameworks */,
				67E96770564A1F9EB3A7AAE6 /* libpng16.a in Frameworks */,
				71D9D37D094EBDE242CA65DD /* libpng.a in Frameworks */,
				DF1D5DEAC63BC95FBBCC038F /* libTracyClient.a in Frameworks */,
				17ADBEBFE0B995F4CBCDF36A /* libfdk-aac.a in Frameworks */,
				FA0223F1BD240990AC32F46C /* libfreetype.a in Frameworks */,
				59AA800F2F83F3E736716D27 /* libImGuiFileDialog.a in Frameworks */,
				21A2685BDC8160A5AEDDC1A0 /* libhwinfo_mainboard.a in Frameworks */,
				7D1566A177BC39E92C31A317 /* libhwinfo_cpu.a in Frameworks */,
				65BBEEC14051A9087FAFF7A6 /* libhwinfo_battery.a in Frameworks */,
				EB456141DC6B048FB08373F8 /* libhwinfo_gpu.a in Frameworks */,
				56F6BC70F389C346D28E74B6 /* libhwinfo_disk.a in Frameworks */,
				1C7E6B09E193E805E73E5FDE /* libhwinfo_os.a in Frameworks */,
				57E904D5A5755D6A88838EC6 /* libhwinfo_network.a in Frameworks */,
				FED82871FC1D17C7341819DA /* libhwinfo_ram.a in Frameworks */,
				1E6C47EA25E42D7F3FBEC98F /* libDear_ImGui.a in Frameworks */,
				14C19C4D91EE2587182240B1 /* libdate-tz.a in Frameworks */,
				3345C038A62C17B2B1E0A101 /* libxxhash.a in Frameworks */,
				AFE933A8228DCCCD54FAFABB /* libLibAtrac9.a in Frameworks */,
				159C95BFAB67752CD5A24E2E /* libminiz.a in Frameworks */,
				7F454338AF56243531F11B54 /* libglslang.a in Frameworks */,
				796E0F951EF6C62EB6F07156 /* libsirit.a in Frameworks */,
				7D2B1061A1174DBB5366FB91 /* libspdlog.a in Frameworks */,
				D491B3B9CE988BA6B59548B7 /* libopenal.a in Frameworks */,
				AC2E140BE81986E9D4584373 /* libminiupnpc.a in Frameworks */,
				CBD0336BE22102808C4AC0DC /* libcrypto.a in Frameworks */,
				0B624B0D9188B1ACFE97B6CF /* libssl.a in Frameworks */,
				D6F3770A45881A74C77033B2 /* libpugixml.a in Frameworks */,
				83E1C2AAEF12D8E750CA871D /* libSDL3.a in Frameworks */,
				ECBC91AACAEF88C50B4827FB /* libepoll-shim.a in Frameworks */,
				3DE08F8A7973D54F4E5E4D08 /* libZydis.a in Frameworks */,
				42ED5CC52B191EE6DDDD29A1 /* libZycore.a in Frameworks */,
				B1CCA4CEE909C458A1CDE6C4 /* libembedded-resources.a in Frameworks */,
				32190DE521109D393D72EC4A /* libfmt.a in Frameworks */,
				6C28EEE6BF8A018A633A4825 /* libz.a in Frameworks */,
				C4EA73F9D722CBA70D8F7888 /* libshadps4_ios.a in Frameworks */,
				D0CD9CE09BC75F80DBF94BD1 /* libImGui_Resources.a in Frameworks */,
				4D6DF80EC2051D28BCFB3074 /* libc++.tbd in Frameworks */,
				01C8996DBA14C07902984409 /* libiconv.tbd in Frameworks */,
				CB799A70601176ED5288A93B /* Metal.framework in Frameworks */,
				8320159D64812115696C74D5 /* QuartzCore.framework in Frameworks */,
				90BB05F370B440A02C0E72F0 /* GameController.framework in Frameworks */,
				0C4215BE448D8E001E379CE2 /* CoreHaptics.framework in Frameworks */,
				8E1C35A76605A842A9925174 /* AVFoundation.framework in Frameworks */,
				9E3FE93874F88B22CD5F5D0B /* CoreAudio.framework in Frameworks */,
				4BC3CD0B96F1C206F9BA7E94 /* AudioToolbox.framework in Frameworks */,
				993D6FF50C587E5D0049CC5D /* CoreBluetooth.framework in Frameworks */,
			);
			runOnlyForDeploymentPostprocessing = 0;
		};
/* End PBXFrameworksBuildPhase section */

/* Begin PBXGroup section */
		0B6181A1481D113F046CFE8A /* Resources */ = {
			isa = PBXGroup;
			children = (
				0E3B20555DA5B60C067CF8C6 /* Info.plist */,
			);
			name = Resources;
			path = Resources;
			sourceTree = "<group>";
		};
		0BABCA269F75146651E2AF74 /* Sources */ = {
			isa = PBXGroup;
			children = (
				36B4B2A69299FF588F2FBCC5 /* AetherPS4App.swift */,
				ACF40A4370EEE55D0E2B6617 /* CrashLogger.swift */,
				FCF0AFFCBAB8BE07B57B8F43 /* EmulatorProcess.swift */,
				60860C7E8CFDDC109F532392 /* Game.swift */,
				66B565144A177694D938832C /* PlayTimeStore.swift */,
				61AB1AA3AE6511B61A72C29E /* ParamSfoReader.swift */,
				7443C1DD65B7D78919F08353 /* GameLibrary.swift */,
				65F08F30961E1CC85C5321E0 /* JITSupport.swift */,
				9FA021D30F598668B7982545 /* SettingsView.swift */,
				F1F02849FD49E86011BB3555 /* GameDetailView.swift */,
				93DD774B441CD44A3D678F17 /* GameCardView.swift */,
				98CCF3284E13DDDC921D556A /* ConsoleView.swift */,
				E882AA5CA5DEAD4279197911 /* LibraryView.swift */,
				7CA5C6BC95E53E11A0530380 /* ContentView.swift */,
			);
			name = Sources;
			path = Sources;
			sourceTree = "<group>";
		};
		50B5012B03B96FC6F89197BC /* Frameworks */ = {
			isa = PBXGroup;
			children = (
				FC4129071CE43645C4E12AE2 /* BreakpointJIT.framework */,
				CFD8E8749F9FEDCF75FBC1DB /* libvulkan.dylib */,
			);
			name = Frameworks;
			path = Frameworks;
			sourceTree = "<group>";
		};
		54FA693D397255F01F462872 /* Frameworks */ = {
			isa = PBXGroup;
			children = (
				C66467C6AF1FC125E7A71534 /* iOS */,
				A31DAB06F6A78144A7150840 /* libc++.tbd */,
				DECBE74B5589F470A4737BE6 /* libiconv.tbd */,
				173E4123270D4E14F1BED024 /* Metal.framework */,
				E2062A636D6408DDA08011A1 /* QuartzCore.framework */,
				9FD7DC27B19EED0F171B7714 /* GameController.framework */,
				D126E8FBCD19EBE465E93B6E /* CoreHaptics.framework */,
				8A645D8A5A298E9FA7231D1C /* AVFoundation.framework */,
				BC7FA749C09ABA3005333A04 /* CoreAudio.framework */,
				C257E8B1B1A691B9B495E9D0 /* AudioToolbox.framework */,
				606024CF5DF8B6BDAEF6E096 /* CoreBluetooth.framework */,
			);
			name = Frameworks;
			sourceTree = "<group>";
		};
		8DF08BE79B74F0ED06961370 /* Products */ = {
			isa = PBXGroup;
			children = (
				7B9240872F2D3C7A4385195E /* AetherPS4-iOS.app */,
			);
			name = Products;
			sourceTree = "<group>";
		};
		AD7CFAAC05749AAE6ADA0F4C = {
			isa = PBXGroup;
			children = (
				8DF08BE79B74F0ED06961370 /* Products */,
				54FA693D397255F01F462872 /* Frameworks */,
				0BABCA269F75146651E2AF74 /* Sources */,
				50B5012B03B96FC6F89197BC /* Frameworks */,
				0B6181A1481D113F046CFE8A /* Resources */,
				E5C24BA5AB65A2B3A8E6E710 /* AetherPS4-iOS-Bridging-Header.h */,
				E0351252B2CFCA9B1BBC6D08 /* Libs */,
			);
			sourceTree = "<group>";
		};
		C66467C6AF1FC125E7A71534 /* iOS */ = {
			isa = PBXGroup;
			children = (
				BE82ADDCB9E1C9D5495A0410 /* Foundation.framework */,
			);
			name = iOS;
			sourceTree = "<group>";
		};
		E0351252B2CFCA9B1BBC6D08 /* Libs */ = {
			isa = PBXGroup;
			children = (
				07C0D596C7D135F3588A6C8E /* libcpp-optparse.a */,
				BE9C69DC2C4860A86115D318 /* libCommonTools.a */,
				F359DECEA0D8F9449874A25F /* libFEXCore_Base.a */,
				E971254C1EE408226E566D7F /* libFEXCore.a */,
				E582A10A87C72560FF4AD181 /* libJemallocLibs.a */,
				BE385E672AD1FF5EE16E0BE4 /* libtiny-json.a */,
				5BAD69EF59F70C824417B54B /* libfmt.a */,
				CC2E2C9775143CBAD20D63EA /* libsoftfloat_3e.a */,
				83D7B436D94B8E527EDBBB5F /* libxxhash.a */,
				A0BAED6E5C32DCEBF0AF45D1 /* librpmalloc.a */,
				6D8154AD98B48C326BEA6629 /* libCommon.a */,
				E125699166BBED373921E5F7 /* libcephes_128bit.a */,
				1F13D43317E8D7A817FB6ED9 /* libpng16.a */,
				3E0A1949F0E0288A33D1B003 /* libpng.a */,
				20375334793878149842AF6D /* libTracyClient.a */,
				1988DC549DAEDC12022F1B93 /* libfdk-aac.a */,
				648E0303ABDC72205560D9A3 /* libfreetype.a */,
				FF6B5F126DEE58D57A06E90C /* libImGuiFileDialog.a */,
				20B0C28E6DB0824C7658B54D /* libhwinfo_mainboard.a */,
				5202B9E0C5655B41A1D972F8 /* libhwinfo_cpu.a */,
				C1A01FC591C45F8736D09E2C /* libhwinfo_battery.a */,
				3957827DB43E8A6D0E5F2B98 /* libhwinfo_gpu.a */,
				5A1A8DA59D4004CA3505B13B /* libhwinfo_disk.a */,
				69D174564273CA83468B53AC /* libhwinfo_os.a */,
				987DFE2E8C2D22DFE2B6D8C1 /* libhwinfo_network.a */,
				EA16D20F6E34062E0E897EF7 /* libhwinfo_ram.a */,
				AB36D4FBA95E7253388F6EC3 /* libDear_ImGui.a */,
				2E4D823B889D6B12D95474B8 /* libdate-tz.a */,
				925160FA4A494DDA19C4E2D2 /* libxxhash.a */,
				8CE3C65170C927734D1AA255 /* libLibAtrac9.a */,
				F332536AB8D4C230392417FF /* libminiz.a */,
				3611A74BE1903D7ECF0661EF /* libglslang.a */,
				79FA50BA7B37A75A6D5A4420 /* libsirit.a */,
				DB38C3D11E0B6ABEFB32ACF5 /* libspdlog.a */,
				AF30997F2339A9C44E6466CE /* libopenal.a */,
				E9ECAD1CD03EBBED7BDD58F8 /* libminiupnpc.a */,
				F96B81A6E8F1E7360E1290F9 /* libcrypto.a */,
				925CA54DCDF71C608D11BD48 /* libssl.a */,
				27E933535397127852531496 /* libpugixml.a */,
				641626D5BCEF8B3A485B5B6D /* libSDL3.a */,
				C141D912B1763C7A8A14F3E2 /* libepoll-shim.a */,
				D478D86EFDF674090C29C1E1 /* libZydis.a */,
				0C2A74CD280F3383EB68D090 /* libZycore.a */,
				03521C401EA1959408A2DFB5 /* libembedded-resources.a */,
				2A986161AC053A0DA4C3835C /* libfmt.a */,
				28EAA3E787313E7D46164DAF /* libz.a */,
				AA650A3A519BD780DE493DBE /* libshadps4_ios.a */,
				8E9BB87E2369BAD16217E297 /* libImGui_Resources.a */,
			);
			name = Libs;
			sourceTree = "<group>";
		};
/* End PBXGroup section */

/* Begin PBXNativeTarget section */
		AA517E51E04B743E4690B74F /* AetherPS4-iOS */ = {
			isa = PBXNativeTarget;
			buildConfigurationList = A6BBB627CE42E6E8359E7196 /* Build configuration list for PBXNativeTarget "AetherPS4-iOS" */;
			buildPhases = (
				058F4B8CB19458B54F70D5F2 /* Sources */,
				5C424CDED50061F661EB6558 /* Frameworks */,
				59FE6781C05ACD8029B19A26 /* Resources */,
				D7BCA26721714C8A5DC73B79 /* Embed Frameworks */,
			);
			buildRules = (
			);
			dependencies = (
			);
			name = "AetherPS4-iOS";
			productName = "AetherPS4-iOS";
			productReference = 7B9240872F2D3C7A4385195E /* AetherPS4-iOS.app */;
			productType = "com.apple.product-type.application";
		};
/* End PBXNativeTarget section */

/* Begin PBXProject section */
		38EF03421C7DAD72C7576C79 /* Project object */ = {
			isa = PBXProject;
			attributes = {
				LastSwiftUpdateCheck = 1600;
				LastUpgradeCheck = 1600;
			};
			buildConfigurationList = 4D73A601CA3433157671613D /* Build configuration list for PBXProject "AetherPS4-iOS" */;
			compatibilityVersion = "Xcode 3.2";
			developmentRegion = en;
			hasScannedForEncodings = 0;
			knownRegions = (
				en,
				Base,
			);
			mainGroup = AD7CFAAC05749AAE6ADA0F4C;
			minimizedProjectReferenceProxies = 0;
			preferredProjectObjectVersion = 100;
			productRefGroup = 8DF08BE79B74F0ED06961370 /* Products */;
			projectDirPath = "";
			projectRoot = "";
			targets = (
				AA517E51E04B743E4690B74F /* AetherPS4-iOS */,
			);
		};
/* End PBXProject section */

/* Begin PBXResourcesBuildPhase section */
		59FE6781C05ACD8029B19A26 /* Resources */ = {
			isa = PBXResourcesBuildPhase;
			buildActionMask = 2147483647;
			files = (
			);
			runOnlyForDeploymentPostprocessing = 0;
		};
/* End PBXResourcesBuildPhase section */

/* Begin PBXSourcesBuildPhase section */
		058F4B8CB19458B54F70D5F2 /* Sources */ = {
			isa = PBXSourcesBuildPhase;
			buildActionMask = 2147483647;
			files = (
				44407D306FA829D5FB1296A8 /* AetherPS4App.swift in Sources */,
				B0AC2A50DE6A302016EDC03F /* CrashLogger.swift in Sources */,
				0A763BB1E8626C433DA188C5 /* EmulatorProcess.swift in Sources */,
				BAE5404D0772F00CA9639899 /* Game.swift in Sources */,
				DFC7394BEE0839D064E9AA2A /* PlayTimeStore.swift in Sources */,
				C4BF8E92244C8B3B238F513B /* ParamSfoReader.swift in Sources */,
				DC91692D53E907C4FE3B40AD /* GameLibrary.swift in Sources */,
				379950556069DED623A48FD9 /* JITSupport.swift in Sources */,
				405A6B16D607FB3E8EBE2948 /* SettingsView.swift in Sources */,
				959529FFE5F155AF17CA7CA8 /* GameDetailView.swift in Sources */,
				925790B6CEB76F6DF1F3C26D /* GameCardView.swift in Sources */,
				5187F38828C4579B8BEDA690 /* ConsoleView.swift in Sources */,
				8B917B76D87E9DF9560AFF88 /* LibraryView.swift in Sources */,
				80FF9A72EE70BCD49BB178E4 /* ContentView.swift in Sources */,
			);
			runOnlyForDeploymentPostprocessing = 0;
		};
/* End PBXSourcesBuildPhase section */

/* Begin XCBuildConfiguration section */
		4F90CEF580DCB03F31DDA627 /* Release */ = {
			isa = XCBuildConfiguration;
			buildSettings = {
				ALWAYS_SEARCH_USER_PATHS = NO;
				CLANG_ANALYZER_NONNULL = YES;
				CLANG_ANALYZER_NUMBER_OBJECT_CONVERSION = YES_AGGRESSIVE;
				CLANG_CXX_LANGUAGE_STANDARD = "gnu++14";
				CLANG_CXX_LIBRARY = "libc++";
				CLANG_ENABLE_MODULES = YES;
				CLANG_ENABLE_OBJC_ARC = YES;
				CLANG_ENABLE_OBJC_WEAK = YES;
				CLANG_WARN_BLOCK_CAPTURE_AUTORELEASING = YES;
				CLANG_WARN_BOOL_CONVERSION = YES;
				CLANG_WARN_COMMA = YES;
				CLANG_WARN_CONSTANT_CONVERSION = YES;
				CLANG_WARN_DEPRECATED_OBJC_IMPLEMENTATIONS = YES;
				CLANG_WARN_DIRECT_OBJC_ISA_USAGE = YES_ERROR;
				CLANG_WARN_DOCUMENTATION_COMMENTS = YES;
				CLANG_WARN_EMPTY_BODY = YES;
				CLANG_WARN_ENUM_CONVERSION = YES;
				CLANG_WARN_INFINITE_RECURSION = YES;
				CLANG_WARN_INT_CONVERSION = YES;
				CLANG_WARN_NON_LITERAL_NULL_CONVERSION = YES;
				CLANG_WARN_OBJC_IMPLICIT_RETAIN_SELF = YES;
				CLANG_WARN_OBJC_LITERAL_CONVERSION = YES;
				CLANG_WARN_OBJC_ROOT_CLASS = YES_ERROR;
				CLANG_WARN_QUOTED_INCLUDE_IN_FRAMEWORK_HEADER = YES;
				CLANG_WARN_RANGE_LOOP_ANALYSIS = YES;
				CLANG_WARN_STRICT_PROTOTYPES = YES;
				CLANG_WARN_SUSPICIOUS_MOVE = YES;
				CLANG_WARN_UNGUARDED_AVAILABILITY = YES_AGGRESSIVE;
				CLANG_WARN_UNREACHABLE_CODE = YES;
				CLANG_WARN__DUPLICATE_METHOD_MATCH = YES;
				COPY_PHASE_STRIP = NO;
				DEBUG_INFORMATION_FORMAT = "dwarf-with-dsym";
				ENABLE_NS_ASSERTIONS = NO;
				ENABLE_STRICT_OBJC_MSGSEND = YES;
				GCC_C_LANGUAGE_STANDARD = gnu11;
				GCC_NO_COMMON_BLOCKS = YES;
				GCC_WARN_64_TO_32_BIT_CONVERSION = YES;
				GCC_WARN_ABOUT_RETURN_TYPE = YES_ERROR;
				GCC_WARN_UNDECLARED_SELECTOR = YES;
				GCC_WARN_UNINITIALIZED_AUTOS = YES_AGGRESSIVE;
				GCC_WARN_UNUSED_FUNCTION = YES;
				GCC_WARN_UNUSED_VARIABLE = YES;
				MTL_ENABLE_DEBUG_INFO = NO;
				MTL_FAST_MATH = YES;
				PRODUCT_NAME = "$(TARGET_NAME)";
				SWIFT_COMPILATION_MODE = wholemodule;
				SWIFT_OPTIMIZATION_LEVEL = "-O";
				SWIFT_VERSION = 5.0;
			};
			name = Release;
		};
		624A0B65C65C3586B57CBA89 /* Debug */ = {
			isa = XCBuildConfiguration;
			buildSettings = {
				ALWAYS_SEARCH_USER_PATHS = NO;
				CLANG_ANALYZER_NONNULL = YES;
				CLANG_ANALYZER_NUMBER_OBJECT_CONVERSION = YES_AGGRESSIVE;
				CLANG_CXX_LANGUAGE_STANDARD = "gnu++14";
				CLANG_CXX_LIBRARY = "libc++";
				CLANG_ENABLE_MODULES = YES;
				CLANG_ENABLE_OBJC_ARC = YES;
				CLANG_ENABLE_OBJC_WEAK = YES;
				CLANG_WARN_BLOCK_CAPTURE_AUTORELEASING = YES;
				CLANG_WARN_BOOL_CONVERSION = YES;
				CLANG_WARN_COMMA = YES;
				CLANG_WARN_CONSTANT_CONVERSION = YES;
				CLANG_WARN_DEPRECATED_OBJC_IMPLEMENTATIONS = YES;
				CLANG_WARN_DIRECT_OBJC_ISA_USAGE = YES_ERROR;
				CLANG_WARN_DOCUMENTATION_COMMENTS = YES;
				CLANG_WARN_EMPTY_BODY = YES;
				CLANG_WARN_ENUM_CONVERSION = YES;
				CLANG_WARN_INFINITE_RECURSION = YES;
				CLANG_WARN_INT_CONVERSION = YES;
				CLANG_WARN_NON_LITERAL_NULL_CONVERSION = YES;
				CLANG_WARN_OBJC_IMPLICIT_RETAIN_SELF = YES;
				CLANG_WARN_OBJC_LITERAL_CONVERSION = YES;
				CLANG_WARN_OBJC_ROOT_CLASS = YES_ERROR;
				CLANG_WARN_QUOTED_INCLUDE_IN_FRAMEWORK_HEADER = YES;
				CLANG_WARN_RANGE_LOOP_ANALYSIS = YES;
				CLANG_WARN_STRICT_PROTOTYPES = YES;
				CLANG_WARN_SUSPICIOUS_MOVE = YES;
				CLANG_WARN_UNGUARDED_AVAILABILITY = YES_AGGRESSIVE;
				CLANG_WARN_UNREACHABLE_CODE = YES;
				CLANG_WARN__DUPLICATE_METHOD_MATCH = YES;
				COPY_PHASE_STRIP = NO;
				DEBUG_INFORMATION_FORMAT = dwarf;
				ENABLE_STRICT_OBJC_MSGSEND = YES;
				ENABLE_TESTABILITY = YES;
				GCC_C_LANGUAGE_STANDARD = gnu11;
				GCC_DYNAMIC_NO_PIC = NO;
				GCC_NO_COMMON_BLOCKS = YES;
				GCC_OPTIMIZATION_LEVEL = 0;
				GCC_PREPROCESSOR_DEFINITIONS = (
					"DEBUG=1",
					"$(inherited)",
				);
				GCC_WARN_64_TO_32_BIT_CONVERSION = YES;
				GCC_WARN_ABOUT_RETURN_TYPE = YES_ERROR;
				GCC_WARN_UNDECLARED_SELECTOR = YES;
				GCC_WARN_UNINITIALIZED_AUTOS = YES_AGGRESSIVE;
				GCC_WARN_UNUSED_FUNCTION = YES;
				GCC_WARN_UNUSED_VARIABLE = YES;
				MTL_ENABLE_DEBUG_INFO = INCLUDE_SOURCE;
				MTL_FAST_MATH = YES;
				ONLY_ACTIVE_ARCH = YES;
				PRODUCT_NAME = "$(TARGET_NAME)";
				SWIFT_ACTIVE_COMPILATION_CONDITIONS = DEBUG;
				SWIFT_OPTIMIZATION_LEVEL = "-Onone";
				SWIFT_VERSION = 5.0;
			};
			name = Debug;
		};
		7A0B0C69B5282F0AC5D1F5C2 /* Debug */ = {
			isa = XCBuildConfiguration;
			buildSettings = {
				ASSETCATALOG_COMPILER_APPICON_NAME = AppIcon;
				ASSETCATALOG_COMPILER_GLOBAL_ACCENT_COLOR_NAME = AccentColor;
				CLANG_CXX_LANGUAGE_STANDARD = "c++20";
				CLANG_CXX_LIBRARY = "libc++";
				CLANG_ENABLE_OBJC_WEAK = NO;
				CODE_SIGN_ENTITLEMENTS = "AetherPS4-iOS.entitlements";
				CODE_SIGN_IDENTITY = "Apple Development";
				DEVELOPMENT_TEAM = "";
				ENABLE_BITCODE = NO;
				FRAMEWORK_SEARCH_PATHS = (
					"$(inherited)",
					"/Users/davi/Documents/Coding/AetherCore4/aetherps4-public-release/AetherPS4-iOS/Frameworks",
				);
				HEADER_SEARCH_PATHS = (
					"$(inherited)",
					"/Users/davi/Documents/Coding/AetherCore4/aetherps4-public-release/src/platform/ios",
					"/Users/davi/Documents/Coding/AetherCore4/aetherps4-public-release/src/core/pkg_extract",
				);
				INFOPLIST_FILE = Info.plist;
				IPHONEOS_DEPLOYMENT_TARGET = 26.0;
				LD_RUNPATH_SEARCH_PATHS = "$(inherited) @executable_path/Frameworks";
				LIBRARY_SEARCH_PATHS = (
					"$(inherited)",
					"/Users/davi/Documents/Coding/AetherCore4/aetherps4-public-release/runtime/build/shadps4-ios",
					"/Users/davi/Documents/Coding/AetherCore4/aetherps4-public-release/runtime/build/shadps4-ios/**",
				);
				ONLY_ACTIVE_ARCH = YES;
				OTHER_LDFLAGS = (
					"-ObjC",
					"-lc++",
				);
				PRODUCT_BUNDLE_IDENTIFIER = com.aether.ps4ios;
				SDKROOT = iphoneos;
				SWIFT_OBJC_BRIDGING_HEADER = "AetherPS4-iOS-Bridging-Header.h";
				SWIFT_VERSION = 5.0;
				TARGETED_DEVICE_FAMILY = "1,2";
				VALID_ARCHS = arm64;
			};
			name = Debug;
		};
		C6F4756F5712040F0305E063 /* Release */ = {
			isa = XCBuildConfiguration;
			buildSettings = {
				ASSETCATALOG_COMPILER_APPICON_NAME = AppIcon;
				ASSETCATALOG_COMPILER_GLOBAL_ACCENT_COLOR_NAME = AccentColor;
				CLANG_CXX_LANGUAGE_STANDARD = "c++20";
				CLANG_CXX_LIBRARY = "libc++";
				CLANG_ENABLE_OBJC_WEAK = NO;
				CODE_SIGN_ENTITLEMENTS = "AetherPS4-iOS.entitlements";
				CODE_SIGN_IDENTITY = "Apple Development";
				DEVELOPMENT_TEAM = "";
				ENABLE_BITCODE = NO;
				FRAMEWORK_SEARCH_PATHS = (
					"$(inherited)",
					"/Users/davi/Documents/Coding/AetherCore4/aetherps4-public-release/AetherPS4-iOS/Frameworks",
				);
				HEADER_SEARCH_PATHS = (
					"$(inherited)",
					"/Users/davi/Documents/Coding/AetherCore4/aetherps4-public-release/src/platform/ios",
					"/Users/davi/Documents/Coding/AetherCore4/aetherps4-public-release/src/core/pkg_extract",
				);
				INFOPLIST_FILE = Info.plist;
				IPHONEOS_DEPLOYMENT_TARGET = 26.0;
				LD_RUNPATH_SEARCH_PATHS = "$(inherited) @executable_path/Frameworks";
				LIBRARY_SEARCH_PATHS = (
					"$(inherited)",
					"/Users/davi/Documents/Coding/AetherCore4/aetherps4-public-release/runtime/build/shadps4-ios",
					"/Users/davi/Documents/Coding/AetherCore4/aetherps4-public-release/runtime/build/shadps4-ios/**",
				);
				ONLY_ACTIVE_ARCH = YES;
				OTHER_LDFLAGS = (
					"-ObjC",
					"-lc++",
				);
				PRODUCT_BUNDLE_IDENTIFIER = com.aether.ps4ios;
				SDKROOT = iphoneos;
				SWIFT_OBJC_BRIDGING_HEADER = "AetherPS4-iOS-Bridging-Header.h";
				SWIFT_VERSION = 5.0;
				TARGETED_DEVICE_FAMILY = "1,2";
				VALIDATE_PRODUCT = YES;
				VALID_ARCHS = arm64;
			};
			name = Release;
		};
/* End XCBuildConfiguration section */

/* Begin XCConfigurationList section */
		4D73A601CA3433157671613D /* Build configuration list for PBXProject "AetherPS4-iOS" */ = {
			isa = XCConfigurationList;
			buildConfigurations = (
				624A0B65C65C3586B57CBA89 /* Debug */,
				4F90CEF580DCB03F31DDA627 /* Release */,
			);
			defaultConfigurationIsVisible = 0;
			defaultConfigurationName = Release;
		};
		A6BBB627CE42E6E8359E7196 /* Build configuration list for PBXNativeTarget "AetherPS4-iOS" */ = {
			isa = XCConfigurationList;
			buildConfigurations = (
				C6F4756F5712040F0305E063 /* Release */,
				7A0B0C69B5282F0AC5D1F5C2 /* Debug */,
			);
			defaultConfigurationIsVisible = 0;
			defaultConfigurationName = Release;
		};
/* End XCConfigurationList section */
	};
	rootObject = 38EF03421C7DAD72C7576C79 /* Project object */;
}
